
Microsoft Visual Studio Solution File, Format Version 12.00
# Visual Studio Version 17
VisualStudioVersion = 17.14.36811.4
MinimumVisualStudioVersion = 10.0.40219.1
Project("{FAE04EC0-301F-11D3-BF4B-00C04F79EFBC}") = "APIServidorEmpleados", "APIServidorEmpleados.csproj", "{2661C6DD-74A7-48F2-89D8-5DBF691440BA}"
EndProject
Project("{FAE04EC0-301F-11D3-BF4B-00C04F79EFBC}") = "MvcNakamasCloud", "..\MvcNakamasCloud\MvcNakamasCloud.csproj", "{554BCE69-206F-4C1C-8B8C-A94D0D5EA7A4}"
EndProject
Global
	GlobalSection(SolutionConfigurationPlatforms) = preSolution
		Debug|Any CPU = Debug|Any CPU
		Release|Any CPU = Release|Any CPU
	EndGlobalSection
	GlobalSection(ProjectConfigurationPlatforms) = postSolution
		{2661C6DD-74A7-48F2-89D8-5DBF691440BA}.Debug|Any CPU.ActiveCfg = Debug|Any CPU
		{2661C6DD-74A7-48F2-89D8-5DBF691440BA}.Debug|Any CPU.Build.0 = Debug|Any CPU
		{2661C6DD-74A7-48F2-89D8-5DBF691440BA}.Release|Any CPU.ActiveCfg = Release|Any CPU
		{2661C6DD-74A7-48F2-89D8-5DBF691440BA}.Release|Any CPU.Build.0 = Release|Any CPU
		{554BCE69-206F-4C1C-8B8C-A94D0D5EA7A4}.Debug|Any CPU.ActiveCfg = Debug|Any CPU
		{554BCE69-206F-4C1C-8B8C-A94D0D5EA7A4}.Debug|Any CPU.Build.0 = Debug|Any CPU
		{554BCE69-206F-4C1C-8B8C-A94D0D5EA7A4}.Release|Any CPU.ActiveCfg = Release|Any CPU
		{554BCE69-206F-4C1C-8B8C-A94D0D5EA7A4}.Release|Any CPU.Build.0 = Release|Any CPU
	EndGlobalSection
	GlobalSection(SolutionProperties) = preSolution
		HideSolutionNode = FALSE
	EndGlobalSection
	GlobalSection(ExtensibilityGlobals) = postSolution
		SolutionGuid = {FC22BA9C-FB07-4DFB-8236-BDD84419CD25}
	EndGlobalSection
EndGlobal
